<?xml version="1.0" encoding="utf-8"?>
<Project ToolsVersion="4.0" xmlns="http://schemas.microsoft.com/developer/msbuild/2003">
  <ItemGroup>
    <Filter Include="Fichiers sources">
      <UniqueIdentifier>{4FC737F1-C7A5-4376-A066-2A32D752A2FF}</UniqueIdentifier>
      <Extensions>cpp;c;cc;cxx;c++;cppm;ixx;def;odl;idl;hpj;bat;asm;asmx</Extensions>
    </Filter>
    <Filter Include="Fichiers d%27en-tête">
      <UniqueIdentifier>{93995380-89BD-4b04-88EB-625FBE52EBFB}</UniqueIdentifier>
      <Extensions>h;hh;hpp;hxx;h++;hm;inl;inc;ipp;xsd</Extensions>
    </Filter>
    <Filter Include="Fichiers de ressources">
      <UniqueIdentifier>{67DA6AB6-F800-4c08-8B7A-83BB121AAD01}</UniqueIdentifier>
      <Extensions>rc;ico;cur;bmp;dlg;rc2;rct;bin;rgs;gif;jpg;jpeg;jpe;resx;tiff;tif;png;wav;mfcribbon-ms</Extensions>
    </Filter>
    <Filter Include="Fichiers sources\Entities">
      <UniqueIdentifier>{d2fab2f8-d29a-41f8-bb0b-ff78147b0c5b}</UniqueIdentifier>
    </Filter>
    <Filter Include="Fichiers sources\GameObjects">
      <UniqueIdentifier>{e5f4dbc2-7c9d-48b8-a888-a6abc5b1f9e7}</UniqueIdentifier>
    </Filter>
    <Filter Include="Fichiers d%27en-tête\GameObjects">
      <UniqueIdentifier>{e44697eb-21ea-4553-8c5b-529f646101ec}</UniqueIdentifier>
    </Filter>
    <Filter Include="Fichiers d%27en-tête\Entities">
      <UniqueIdentifier>{e0a3c373-5443-4837-a41c-f47cc0850de9}</UniqueIdentifier>
    </Filter>
    <Filter Include="Fichiers sources\Utilities">
      <UniqueIdentifier>{9e727441-e023-465e-9d4a-a82ce4da939b}</UniqueIdentifier>
    </Filter>
    <Filter Include="Fichiers d%27en-tête\Utilities">
      <UniqueIdentifier>{6ecabb37-cf16-41bb-bb54-51c9dd5d8f0a}</UniqueIdentifier>
    </Filter>
    <Filter Include="Fichiers sources\UnitTests">
      <UniqueIdentifier>{c1fd481e-e402-4c79-b512-fbd23bfdef6c}</UniqueIdentifier>
    </Filter>
    <Filter Include="Fichiers d%27en-tête\UnitTests">
      <UniqueIdentifier>{dbdde62a-9831-46f2-85aa-e2d5d3013aeb}</UniqueIdentifier>
    </Filter>
  </ItemGroup>
  <ItemGroup>
    <ClCompile Include="GameEngine.cpp">
      <Filter>Fichiers sources</Filter>
    </ClCompile>
    <ClCompile Include="Entity.cpp">
      <Filter>Fichiers sources\Entities</Filter>
    </ClCompile>
    <ClCompile Include="AbstractGameObject.cpp">
      <Filter>Fichiers sources\GameObjects</Filter>
    </ClCompile>
    <ClCompile Include="GameObject.cpp">
      <Filter>Fichiers sources\GameObjects</Filter>
    </ClCompile>
    <ClCompile Include="PersistantGameObject.cpp">
      <Filter>Fichiers sources\GameObjects</Filter>
    </ClCompile>
    <ClCompile Include="LinkedList.cpp">
      <Filter>Fichiers sources\Utilities</Filter>
    </ClCompile>
    <ClCompile Include="WindowDefinition.cpp">
      <Filter>Fichiers sources\Utilities</Filter>
    </ClCompile>
    <ClCompile Include="UnitTests.cpp">
      <Filter>Fichiers sources\UnitTests</Filter>
    </ClCompile>
    <ClCompile Include="LinkedListUnitTest.cpp">
      <Filter>Fichiers sources\UnitTests</Filter>
    </ClCompile>
  </ItemGroup>
  <ItemGroup>
    <ClInclude Include="PersistantGameObject.h">
      <Filter>Fichiers d%27en-tête\GameObjects</Filter>
    </ClInclude>
    <ClInclude Include="AbstractGameObject.h">
      <Filter>Fichiers d%27en-tête\GameObjects</Filter>
    </ClInclude>
    <ClInclude Include="GameObject.h">
      <Filter>Fichiers d%27en-tête\GameObjects</Filter>
    </ClInclude>
    <ClInclude Include="Entity.h">
      <Filter>Fichiers d%27en-tête\Entities</Filter>
    </ClInclude>
    <ClInclude Include="LinkedList.h">
      <Filter>Fichiers d%27en-tête\Utilities</Filter>
    </ClInclude>
    <ClInclude Include="WindowDefinition.h">
      <Filter>Fichiers d%27en-tête\Utilities</Filter>
    </ClInclude>
    <ClInclude Include="LinkedListUnitTests.h">
      <Filter>Fichiers d%27en-tête\UnitTests</Filter>
    </ClInclude>
    <ClInclude Include="UnitTests.h">
      <Filter>Fichiers d%27en-tête\UnitTests</Filter>
    </ClInclude>
    <ClInclude Include="Macros.h">
      <Filter>Fichiers d%27en-tête</Filter>
    </ClInclude>
  </ItemGroup>
</Project>